
Microsoft Visual Studio Solution File, Format Version 12.00
# Visual Studio Version 17
VisualStudioVersion = 17.10.35122.118
MinimumVisualStudioVersion = 10.0.40219.1
Project("{9A19103F-16F7-4668-BE54-9A1E7A4F7556}") = "CreationalPatterns_FactoryMethod", "CreationalPatterns_FactoryMethod\CreationalPatterns_FactoryMethod.csproj", "{2C73794F-8D9B-467B-8257-0B7F53299D13}"
EndProject
Project("{9A19103F-16F7-4668-BE54-9A1E7A4F7556}") = "CreationalPatterns_AbstractFactory", "CreationalPatterns_AbstractFactory\CreationalPatterns_AbstractFactory.csproj", "{78DB4A83-2A94-4AA4-BCFE-7A5FC5C147AD}"
EndProject
Project("{9A19103F-16F7-4668-BE54-9A1E7A4F7556}") = "CreationalPatterns_Builder", "CreationalPatterns_Builder\CreationalPatterns_Builder.csproj", "{38EAED04-7B66-4C03-8010-BD61A1C9D1B1}"
EndProject
Project("{9A19103F-16F7-4668-BE54-9A1E7A4F7556}") = "CreationalPatterns_Prototype", "CreationalPatterns_Prototype\CreationalPatterns_Prototype.csproj", "{4E66345D-A5A9-4238-9D31-648C31241521}"
EndProject
Project("{9A19103F-16F7-4668-BE54-9A1E7A4F7556}") = "CreationalPatterns_Singleton", "CreationalPatterns_Singleton\CreationalPatterns_Singleton.csproj", "{A47C700A-C11C-4FE3-A4D6-F107A5D56B5D}"
EndProject
Project("{9A19103F-16F7-4668-BE54-9A1E7A4F7556}") = "StructuralPatterens_Adapter", "StructuralPatterens_Adapter\StructuralPatterens_Adapter.csproj", "{BB274F60-1DD7-436A-8D4D-30A5D3030834}"
EndProject
Project("{9A19103F-16F7-4668-BE54-9A1E7A4F7556}") = "StructuralPatterns_Bridge", "StructuralPatterns_Bridge\StructuralPatterns_Bridge.csproj", "{F283BB4D-C4B1-4827-9257-C94D55C72680}"
EndProject
Project("{9A19103F-16F7-4668-BE54-9A1E7A4F7556}") = "StructuralPatterns_Composite", "StructuralPatterns_Composite\StructuralPatterns_Composite.csproj", "{004E78B4-9E0F-410C-B3CB-48CD2C714267}"
EndProject
Project("{9A19103F-16F7-4668-BE54-9A1E7A4F7556}") = "StructuralPatterns_Decorator", "StructuralPatterns_Decorator\StructuralPatterns_Decorator.csproj", "{738CF417-A683-431F-9CB1-CB0C0CCD84B5}"
EndProject
Project("{FAE04EC0-301F-11D3-BF4B-00C04F79EFBC}") = "StructuralPatterns_Proxy", "StructuralPatterns_Proxy\StructuralPatterns_Proxy.csproj", "{AF7C86D4-BDDC-456C-96C1-C3E4F5F08D00}"
EndProject
Project("{FAE04EC0-301F-11D3-BF4B-00C04F79EFBC}") = "BehavioralPatterns_Command", "BehavioralPatterns_Command\BehavioralPatterns_Command.csproj", "{AE338146-E990-4E64-B8E0-B8894AAB9B10}"
EndProject
Global
	GlobalSection(SolutionConfigurationPlatforms) = preSolution
		Debug|Any CPU = Debug|Any CPU
		Release|Any CPU = Release|Any CPU
	EndGlobalSection
	GlobalSection(ProjectConfigurationPlatforms) = postSolution
		{2C73794F-8D9B-467B-8257-0B7F53299D13}.Debug|Any CPU.ActiveCfg = Debug|Any CPU
		{2C73794F-8D9B-467B-8257-0B7F53299D13}.Debug|Any CPU.Build.0 = Debug|Any CPU
		{2C73794F-8D9B-467B-8257-0B7F53299D13}.Release|Any CPU.ActiveCfg = Release|Any CPU
		{2C73794F-8D9B-467B-8257-0B7F53299D13}.Release|Any CPU.Build.0 = Release|Any CPU
		{78DB4A83-2A94-4AA4-BCFE-7A5FC5C147AD}.Debug|Any CPU.ActiveCfg = Debug|Any CPU
		{78DB4A83-2A94-4AA4-BCFE-7A5FC5C147AD}.Debug|Any CPU.Build.0 = Debug|Any CPU
		{78DB4A83-2A94-4AA4-BCFE-7A5FC5C147AD}.Release|Any CPU.ActiveCfg = Release|Any CPU
		{78DB4A83-2A94-4AA4-BCFE-7A5FC5C147AD}.Release|Any CPU.Build.0 = Release|Any CPU
		{38EAED04-7B66-4C03-8010-BD61A1C9D1B1}.Debug|Any CPU.ActiveCfg = Debug|Any CPU
		{38EAED04-7B66-4C03-8010-BD61A1C9D1B1}.Debug|Any CPU.Build.0 = Debug|Any CPU
		{38EAED04-7B66-4C03-8010-BD61A1C9D1B1}.Release|Any CPU.ActiveCfg = Release|Any CPU
		{38EAED04-7B66-4C03-8010-BD61A1C9D1B1}.Release|Any CPU.Build.0 = Release|Any CPU
		{4E66345D-A5A9-4238-9D31-648C31241521}.Debug|Any CPU.ActiveCfg = Debug|Any CPU
		{4E66345D-A5A9-4238-9D31-648C31241521}.Debug|Any CPU.Build.0 = Debug|Any CPU
		{4E66345D-A5A9-4238-9D31-648C31241521}.Release|Any CPU.ActiveCfg = Release|Any CPU
		{4E66345D-A5A9-4238-9D31-648C31241521}.Release|Any CPU.Build.0 = Release|Any CPU
		{A47C700A-C11C-4FE3-A4D6-F107A5D56B5D}.Debug|Any CPU.ActiveCfg = Debug|Any CPU
		{A47C700A-C11C-4FE3-A4D6-F107A5D56B5D}.Debug|Any CPU.Build.0 = Debug|Any CPU
		{A47C700A-C11C-4FE3-A4D6-F107A5D56B5D}.Release|Any CPU.ActiveCfg = Release|Any CPU
		{A47C700A-C11C-4FE3-A4D6-F107A5D56B5D}.Release|Any CPU.Build.0 = Release|Any CPU
		{BB274F60-1DD7-436A-8D4D-30A5D3030834}.Debug|Any CPU.ActiveCfg = Debug|Any CPU
		{BB274F60-1DD7-436A-8D4D-30A5D3030834}.Debug|Any CPU.Build.0 = Debug|Any CPU
		{BB274F60-1DD7-436A-8D4D-30A5D3030834}.Release|Any CPU.ActiveCfg = Release|Any CPU
		{BB274F60-1DD7-436A-8D4D-30A5D3030834}.Release|Any CPU.Build.0 = Release|Any CPU
		{F283BB4D-C4B1-4827-9257-C94D55C72680}.Debug|Any CPU.ActiveCfg = Debug|Any CPU
		{F283BB4D-C4B1-4827-9257-C94D55C72680}.Debug|Any CPU.Build.0 = Debug|Any CPU
		{F283BB4D-C4B1-4827-9257-C94D55C72680}.Release|Any CPU.ActiveCfg = Release|Any CPU
		{F283BB4D-C4B1-4827-9257-C94D55C72680}.Release|Any CPU.Build.0 = Release|Any CPU
		{004E78B4-9E0F-410C-B3CB-48CD2C714267}.Debug|Any CPU.ActiveCfg = Debug|Any CPU
		{004E78B4-9E0F-410C-B3CB-48CD2C714267}.Debug|Any CPU.Build.0 = Debug|Any CPU
		{004E78B4-9E0F-410C-B3CB-48CD2C714267}.Release|Any CPU.ActiveCfg = Release|Any CPU
		{004E78B4-9E0F-410C-B3CB-48CD2C714267}.Release|Any CPU.Build.0 = Release|Any CPU
		{738CF417-A683-431F-9CB1-CB0C0CCD84B5}.Debug|Any CPU.ActiveCfg = Debug|Any CPU
		{738CF417-A683-431F-9CB1-CB0C0CCD84B5}.Debug|Any CPU.Build.0 = Debug|Any CPU
		{738CF417-A683-431F-9CB1-CB0C0CCD84B5}.Release|Any CPU.ActiveCfg = Release|Any CPU
		{738CF417-A683-431F-9CB1-CB0C0CCD84B5}.Release|Any CPU.Build.0 = Release|Any CPU
		{AF7C86D4-BDDC-456C-96C1-C3E4F5F08D00}.Debug|Any CPU.ActiveCfg = Debug|Any CPU
		{AF7C86D4-BDDC-456C-96C1-C3E4F5F08D00}.Debug|Any CPU.Build.0 = Debug|Any CPU
		{AF7C86D4-BDDC-456C-96C1-C3E4F5F08D00}.Release|Any CPU.ActiveCfg = Release|Any CPU
		{AF7C86D4-BDDC-456C-96C1-C3E4F5F08D00}.Release|Any CPU.Build.0 = Release|Any CPU
		{AE338146-E990-4E64-B8E0-B8894AAB9B10}.Debug|Any CPU.ActiveCfg = Debug|Any CPU
		{AE338146-E990-4E64-B8E0-B8894AAB9B10}.Debug|Any CPU.Build.0 = Debug|Any CPU
		{AE338146-E990-4E64-B8E0-B8894AAB9B10}.Release|Any CPU.ActiveCfg = Release|Any CPU
		{AE338146-E990-4E64-B8E0-B8894AAB9B10}.Release|Any CPU.Build.0 = Release|Any CPU
	EndGlobalSection
	GlobalSection(SolutionProperties) = preSolution
		HideSolutionNode = FALSE
	EndGlobalSection
	GlobalSection(ExtensibilityGlobals) = postSolution
		SolutionGuid = {9D8E1AED-03C2-4949-8243-4A3F5A5A7EE2}
	EndGlobalSection
EndGlobal
